{
  "name": "contoso-trek-web",
  "version": "1.0.0",
  "lockfileVersion": 3,
  "requires": true,
  "packages": {
    "": {
      "name": "contoso-trek-web",
      "version": "1.0.0",
      "dependencies": {
        "@mdi/font": "7.4.47",
        "vue": "3.5.43",
        "vuetify": "3.13.5"
      },
      "devDependencies": {
        "@types/node": "26.6.2",
        "@vitejs/plugin-vue": "6.0.9",
        "@vue/tsconfig": "0.9.1",
        "typescript": "5.9.3",
        "vite": "8.3.1",
        "vitest": "5.0.2",
        "vue-tsc": "3.3.11"
      }
    },
    "node_modules/@babel/helper-string-parser": {
      "version": "7.29.7",
      "resolved": "https://packagefeedproxy.microsoft.io/npm/@babel/helper-string-parser/-/helper-string-parser-7.29.7.tgz",
      "integrity": "sha1-fwhx2Zgk0jE31g+G/PYTD9WhtR8=",
      "license": "MIT",
      "engines": {
        "node": ">=6.9.0"
      }
    },
    "node_modules/@babel/helper-validator-identifier": {
      "version": "7.29.7",
      "resolved": "https://packagefeedproxy.microsoft.io/npm/@babel/helper-validator-identifier/-/helper-validator-identifier-7.29.7.tgz",
      "integrity": "sha1-vYcITO0MeW7Ea9pJLeboPSnon8I=",
      "license": "MIT",
      "engines": {
        "node": ">=6.9.0"
      }
    },
    "node_modules/@babel/parser": {
      "version": "7.29.9",
      "resolved": "https://packagefeedproxy.microsoft.io/npm/@babel/parser/-/parser-7.29.9.tgz",
      "integrity": "sha512-CjXrNHTnvqBVqHgdBysY3vk2T8tpJHb5/RMeHJBTyVa9xgugCB0CJTx/3oO8RV2QRQP391RWpB7D6hLjm8V9uA==",
      "license": "MIT",
      "dependencies": {
        "@babel/types": "^7.29.8"
      },
      "bin": {
        "parser": "bin/babel-parser.js"
      },
      "engines": {
        "node": ">=6.0.0"
      }
    },
    "node_modules/@babel/types": {
      "version": "7.29.8",
      "resolved": "https://packagefeedproxy.microsoft.io/npm/@babel/types/-/types-7.29.8.tgz",
      "integrity": "sha1-Einu8x2FFW1w+j9M2Fk3bQ6vaGM=",
      "license": "MIT",
      "dependencies": {
        "@babel/helper-string-parser": "^7.29.7",
        "@babel/helper-validator-identifier": "^7.29.7"
      },
      "engines": {
        "node": ">=6.9.0"
      }
    },
    "node_modules/@jridgewell/resolve-uri": {
      "version": "3.1.2",
      "resolved": "https://packagefeedproxy.microsoft.io/npm/@jridgewell/resolve-uri/-/resolve-uri-3.1.2.tgz",
      "integrity": "sha1-eg7mAfYPmaIMfHxf8MgDiMEYm9Y=",
      "dev": true,
      "license": "MIT",
      "engines": {
        "node": ">=6.0.0"
      }
    },
    "node_modules/@jridgewell/sourcemap-codec": {
      "version": "1.6.0",
      "resolved": "https://packagefeedproxy.microsoft.io/npm/@jridgewell/sourcemap-codec/-/sourcemap-codec-1.6.0.tgz",
      "integrity": "sha1-9MZj6GLwbcmMpNRThixGkCeJoY0=",
      "license": "MIT"
    },
    "node_modules/@jridgewell/trace-mapping": {
      "version": "0.3.31",
      "resolved": "https://packagefeedproxy.microsoft.io/npm/@jridgewell/trace-mapping/-/trace-mapping-0.3.31.tgz",
      "integrity": "sha1-2xXWeByTHzolGj2sOVAcmKYIL9A=",
      "dev": true,
      "license": "MIT",
      "dependencies": {
        "@jridgewell/resolve-uri": "^3.1.0",
        "@jridgewell/sourcemap-codec": "^1.4.14"
      }
    },
    "node_modules/@mdi/font": {
      "version": "7.4.47",
      "resolved": "https://packagefeedproxy.microsoft.io/npm/@mdi/font/-/font-7.4.47.tgz",
      "integrity": "sha1-KuUihn2jpciLc41UtAPrkUcZA68=",
      "license": "Apache-2.0"
    },
    "node_modules/@oxc-project/types": {
      "version": "0.151.0",
      "resolved": "https://packagefeedproxy.microsoft.io/npm/@oxc-project/types/-/types-0.151.0.tgz",
      "integrity": "sha512-J1yXrIlNDZVzE3ada310xeAw7nH8yCAyLPuUIsjKatFPmfn5bS1oW+cM+QsGOtVWd5nhSpbwZWx/rue+r5Z+PA==",
      "dev": true,
      "license": "MIT",
      "funding": {
        "url": "https://github.com/sponsors/oxc-project"
      }
    },
    "node_modules/@rolldown/binding-android-arm-eabi": {
      "version": "1.2.11",
      "resolved": "https://packagefeedproxy.microsoft.io/npm/@rolldown/binding-android-arm-eabi/-/binding-android-arm-eabi-1.2.11.tgz",
      "integrity": "sha512-A5kXfGKvKWWZE0TtPrfsvT+q4Y5d1QG8gGUzpYjGydM+fARM9MuX90PrXYXe0XbsDVgyxxNzHo6giCj90bsFNw==",
      "cpu": [
        "arm"
      ],
      "dev": true,
      "license": "MIT",
      "optional": true,
      "os": [
        "android"
      ],
      "engines": {
        "node": "^20.19.0 || >=22.12.0"
      }
    },
    "node_modules/@rolldown/binding-android-arm64": {
      "version": "1.2.11",
      "resolved": "https://packagefeedproxy.microsoft.io/npm/@rolldown/binding-android-arm64/-/binding-android-arm64-1.2.11.tgz",
      "integrity": "sha512-z6cTycz+iJ4PVkuL4HHW4DfTfoeU/2nqYYuSOrTmH7yHK5Y0LCOnA03V4ZNxavyVaU1oOqUgIg2klN/s+USGOA==",
      "cpu": [
        "arm64"
      ],
      "dev": true,
      "license": "MIT",
      "optional": true,
      "os": [
        "android"
      ],
      "engines": {
        "node": "^20.19.0 || >=22.12.0"
      }
    },
    "node_modules/@rolldown/binding-darwin-arm64": {
      "version": "1.2.11",
      "resolved": "https://packagefeedproxy.microsoft.io/npm/@rolldown/binding-darwin-arm64/-/binding-darwin-arm64-1.2.11.tgz",
      "integrity": "sha512-jShvqNtP6vDC6/A5JOAzbVV+DkgHqhl/ScVCJEbt+TUY6QYz7YnXcrg3sLtFBniro0f/Ld50ZwCWA6f7KYD1nQ==",
      "cpu": [
        "arm64"
      ],
      "dev": true,
      "license": "MIT",
      "optional": true,
      "os": [
        "darwin"
      ],
      "engines": {
        "node": "^20.19.0 || >=22.12.0"
      }
    },
    "node_modules/@rolldown/binding-darwin-x64": {
      "version": "1.2.11",
      "resolved": "https://packagefeedproxy.microsoft.io/npm/@rolldown/binding-darwin-x64/-/binding-darwin-x64-1.2.11.tgz",
      "integrity": "sha512-f2i2xiNWq1Z1l2++q2fuhZRdLAT3aqxD6vRNm1RAxpUoBcdqNB3C0s1Bt+K+PbEx2F5F4gQp6hqKkphCY/xF9w==",
      "cpu": [
        "x64"
      ],
      "dev": true,
      "license": "MIT",
      "optional": true,
      "os": [
        "darwin"
      ],
      "engines": {
        "node": "^20.19.0 || >=22.12.0"
      }
    },
    "node_modules/@rolldown/binding-freebsd-x64": {
      "version": "1.2.11",
      "resolved": "https://packagefeedproxy.microsoft.io/npm/@rolldown/binding-freebsd-x64/-/binding-freebsd-x64-1.2.11.tgz",
      "integrity": "sha512-4Ir5FSOKIAMr4r0kExpt1s3bMgzJU3rA45AYOHtQpls0oNeqcYBKrWMlckrYH4KCfGLfkfn1tN1dmZPMVsdXow==",
      "cpu": [
        "x64"
      ],
      "dev": true,
      "license": "MIT",
      "optional": true,
      "os": [
        "freebsd"
      ],
      "engines": {
        "node": "^20.19.0 || >=22.12.0"
      }
    },
    "node_modules/@rolldown/binding-linux-arm-gnueabihf": {
      "version": "1.2.11",
      "resolved": "https://packagefeedproxy.microsoft.io/npm/@rolldown/binding-linux-arm-gnueabihf/-/binding-linux-arm-gnueabihf-1.2.11.tgz",
      "integrity": "sha512-/gnRDM+39BROzAN/k1OZjDPnDMcZxB/0EUxKjONO5yVkNEvlsoMDrxGNKgZi/ttFriS2gwlDNzB65pvNbFOXIQ==",
      "cpu": [
        "arm"
      ],
      "dev": true,
      "license": "MIT",
      "optional": true,
      "os": [
        "linux"
      ],
      "engines": {
        "node": "^20.19.0 || >=22.12.0"
      }
    },
    "node_modules/@rolldown/binding-linux-arm64-gnu": {
      "version": "1.2.11",
      "resolved": "https://packagefeedproxy.microsoft.io/npm/@rolldown/binding-linux-arm64-gnu/-/binding-linux-arm64-gnu-1.2.11.tgz",
      "integrity": "sha512-PFaK8HwvAHbaKbBcDNQihjMKYvFnA5hiENx/l5tphTDz1E0WFp32l0A7aq7lyUwGsRw/xSrNIy/gIK4thrSCrw==",
      "cpu": [
        "arm64"
      ],
      "dev": true,
      "libc": [
        "glibc"
      ],
      "license": "MIT",
      "optional": true,
      "os": [
        "linux"
      ],
      "engines": {
        "node": "^20.19.0 || >=22.12.0"
      }
    },
    "node_modules/@rolldown/binding-linux-arm64-musl": {
      "version": "1.2.11",
      "resolved": "https://packagefeedproxy.microsoft.io/npm/@rolldown/binding-linux-arm64-musl/-/binding-linux-arm64-musl-1.2.11.tgz",
      "integrity": "sha512-AskzJUIKRLPxkruR1wLKewGbOw+EYfU/9lOrBFj4AFrEA8hPpKFnODWNu2WLaNs0QNkEb9QIJufmVZZIL/bJlg==",
      "cpu": [
        "arm64"
      ],
      "dev": true,
      "libc": [
        "musl"
      ],
      "license": "MIT",
      "optional": true,
      "os": [
        "linux"
      ],
      "engines": {
        "node": "^20.19.0 || >=22.12.0"
      }
    },
    "node_modules/@rolldown/binding-linux-ppc64-gnu": {
      "version": "1.2.11",
      "resolved": "https://packagefeedproxy.microsoft.io/npm/@rolldown/binding-linux-ppc64-gnu/-/binding-linux-ppc64-gnu-1.2.11.tgz",
      "integrity": "sha512-qlUGAheh2yh8afH7QBgx0PrRHN85hKnNd78x8MeMhXivuevgd8vgf6/CstOzmNKY/lLTHvNTrPy98cLnAugzJw==",
      "cpu": [
        "ppc64"
      ],
      "dev": true,
      "libc": [
        "glibc"
      ],
      "license": "MIT",
      "optional": true,
      "os": [
        "linux"
      ],
      "engines": {
        "node": "^20.19.0 || >=22.12.0"
      }
    },
    "node_modules/@rolldown/binding-linux-s390x-gnu": {
      "version": "1.2.11",
      "resolved": "https://packagefeedproxy.microsoft.io/npm/@rolldown/binding-linux-s390x-gnu/-/binding-linux-s390x-gnu-1.2.11.tgz",
      "integrity": "sha512-secpEad+0vCbSfn8upFySkDskv+bGPk3THSDS9Y89yc4rb4kzqHp8Dmyd9BkQW4SnhNXBZCl/6CrO//hZahNJQ==",
      "cpu": [
        "s390x"
      ],
      "dev": true,
      "libc": [
        "glibc"
      ],
      "license": "MIT",
      "optional": true,
      "os": [
        "linux"
      ],
      "engines": {
        "node": "^20.19.0 || >=22.12.0"
      }
    },
    "node_modules/@rolldown/binding-linux-x64-gnu": {
      "version": "1.2.11",
      "resolved": "https://packagefeedproxy.microsoft.io/npm/@rolldown/binding-linux-x64-gnu/-/binding-linux-x64-gnu-1.2.11.tgz",
      "integrity": "sha512-mOVBT3dPpkWm8XBWPmU4bf+U6dYDLeMo/9ojUmis4N0L5uu10qra5vOyngZ7/PSdoE4G9KvRt4bloRxNjLas7A==",
      "cpu": [
        "x64"
      ],
      "dev": true,
      "libc": [
        "glibc"
      ],
      "license": "MIT",
      "optional": true,
      "os": [
        "linux"
      ],
      "engines": {
        "node": "^20.19.0 || >=22.12.0"
      }
    },
    "node_modules/@rolldown/binding-linux-x64-musl": {
      "version": "1.2.11",
      "resolved": "https://packagefeedproxy.microsoft.io/npm/@rolldown/binding-linux-x64-musl/-/binding-linux-x64-musl-1.2.11.tgz",
      "integrity": "sha512-Is78i9A8Ui4SqcxUwFJ9uMmjDn58IbVTjFWYdQestFEgeuEmHMLGNriXnVJKkwG2YiZjw8cP0zCTyDMdDGtOOg==",
      "cpu": [
        "x64"
      ],
      "dev": true,
      "libc": [
        "musl"
      ],
      "license": "MIT",
      "optional": true,
      "os": [
        "linux"
      ],
      "engines": {
        "node": "^20.19.0 || >=22.12.0"
      }
    },
    "node_modules/@rolldown/binding-openharmony-arm64": {
      "version": "1.2.11",
      "resolved": "https://packagefeedproxy.microsoft.io/npm/@rolldown/binding-openharmony-arm64/-/binding-openharmony-arm64-1.2.11.tgz",
      "integrity": "sha512-dUCXneZ87INUMyQ0D+C0HrEBNUPNXHaPmU5GTjyKTJEiussw9Kaj5Ln8UztPe4epV/ffvgNBEadksdYhmW6xJA==",
      "cpu": [
        "arm64"
      ],
      "dev": true,
      "license": "MIT",
      "optional": true,
      "os": [
        "openharmony"
      ],
      "engines": {
        "node": "^20.19.0 || >=22.12.0"
      }
    },
    "node_modules/@rolldown/binding-win32-arm64-msvc": {
      "version": "1.2.11",
      "resolved": "https://packagefeedproxy.microsoft.io/npm/@rolldown/binding-win32-arm64-msvc/-/binding-win32-arm64-msvc-1.2.11.tgz",
      "integrity": "sha512-jByxb6qfd+bH1xUd0qnfFnb17i9sWBPY2tOavJ0l3tdr3OTu+Kvtm8cd/JV5nFt657b1VqGltxg9olOEfofXWw==",
      "cpu": [
        "arm64"
      ],
      "dev": true,
      "license": "MIT",
      "optional": true,
      "os": [
        "win32"
      ],
      "engines": {
        "node": "^20.19.0 || >=22.12.0"
      }
    },
    "node_modules/@rolldown/binding-win32-x64-msvc": {
      "version": "1.2.11",
      "resolved": "https://packagefeedproxy.microsoft.io/npm/@rolldown/binding-win32-x64-msvc/-/binding-win32-x64-msvc-1.2.11.tgz",
      "integrity": "sha512-/PzKqzAJ03i19oy2ItPvyvaVjOjBCNnfaJs8yvUdGBKmiESgnrJSQ2awd81QzFbbnAmu7YO9ZnJrDCb9VSJPRA==",
      "cpu": [
        "x64"
      ],
      "dev": true,
      "license": "MIT",
      "optional": true,
      "os": [
        "win32"
      ],
      "engines": {
        "node": "^20.19.0 || >=22.12.0"
      }
    },
    "node_modules/@rolldown/pluginutils": {
      "version": "1.0.1",
      "resolved": "https://packagefeedproxy.microsoft.io/npm/@rolldown/pluginutils/-/pluginutils-1.0.1.tgz",
      "integrity": "sha1-4/zuCT+7XOdl4a0Ij/TeKIn2+b4=",
      "dev": true,
      "license": "MIT"
    },
    "node_modules/@types/chai": {
      "version": "5.2.3",
      "resolved": "https://packagefeedproxy.microsoft.io/npm/@types/chai/-/chai-5.2.3.tgz",
      "integrity": "sha1-jpzZ4cNYH6azQaWu1ViOsoW+C0o=",
      "dev": true,
      "license": "MIT",
      "dependencies": {
        "@types/deep-eql": "*",
        "assertion-error": "^2.0.1"
      }
    },
    "node_modules/@types/deep-eql": {
      "version": "4.0.2",
      "resolved": "https://packagefeedproxy.microsoft.io/npm/@types/deep-eql/-/deep-eql-4.0.2.tgz",
      "integrity": "sha1-M0MRlx06BxIefrkbaEpgXn7qnL0=",
      "dev": true,
      "license": "MIT"
    },
    "node_modules/@types/estree": {
      "version": "1.0.9",
      "resolved": "https://packagefeedproxy.microsoft.io/npm/@types/estree/-/estree-1.0.9.tgz",
      "integrity": "sha1-zz8Oh2177hWpOrkluCv1cKOQSiQ=",
      "dev": true,
      "license": "MIT"
    },
    "node_modules/@types/node": {
      "version": "26.6.2",
      "resolved": "https://packagefeedproxy.microsoft.io/npm/@types/node/-/node-26.6.2.tgz",
      "integrity": "sha512-X1P21scMv4zGKLYqjdGjaKa7COa0RKVYYZZN/NfvLQ1JegxFhdhpZG/Lyn8AXx6CDUavKAd11v6BvfpkDByK8g==",
      "dev": true,
      "license": "MIT",
      "dependencies": {
        "undici-types": "~8.9.0"
      }
    },
    "node_modules/@vitejs/plugin-vue": {
      "version": "6.0.9",
      "resolved": "https://packagefeedproxy.microsoft.io/npm/@vitejs/plugin-vue/-/plugin-vue-6.0.9.tgz",
      "integrity": "sha512-rD/MORlhaZMlXWW0rEn4FB4wMinWC0z/D7Ye160S5+Rs1mC8ZDAdcDp4SjKfUhG5t8q1ktcPVw4xuTkPRlzrSA==",
      "dev": true,
      "license": "MIT",
      "dependencies": {
        "@rolldown/pluginutils": "^1.0.1"
      },
      "engines": {
        "node": "^20.19.0 || >=22.12.0"
      },
      "peerDependencies": {
        "vite": "^5.0.0 || ^6.0.0 || ^7.0.0 || ^8.0.0",
        "vue": "^3.2.25"
      }
    },
    "node_modules/@vitest/mocker": {
      "version": "5.0.2",
      "resolved": "https://packagefeedproxy.microsoft.io/npm/@vitest/mocker/-/mocker-5.0.2.tgz",
      "integrity": "sha512-Z5FS00Q1SJHkB35xATsmWGdQ5WA1/0MV3CDjqyv7GavHv1OfOj145MNfHOlHk7QLes21dKFDHr8EO2zvL+9WGA==",
      "dev": true,
      "license": "MIT",
      "dependencies": {
        "@jridgewell/trace-mapping": "0.3.31",
        "@vitest/spy": "5.0.2",
        "estree-walker": "^3.0.3",
        "magic-string": "^1.2.3"
      },
      "funding": {
        "url": "https://opencollective.com/vitest"
      },
      "peerDependencies": {
        "msw": "^2.4.9",
        "vite": "^6.0.0 || ^7.0.0 || ^8.0.0"
      },
      "peerDependenciesMeta": {
        "msw": {
          "optional": true
        },
        "vite": {
          "optional": true
        }
      }
    },
    "node_modules/@vitest/spy": {
      "version": "5.0.2",
      "resolved": "https://packagefeedproxy.microsoft.io/npm/@vitest/spy/-/spy-5.0.2.tgz",
      "integrity": "sha512-Ijc7T1nT9efNb5LxvjaBrEqw3f/QwUv5EE0nKqZxgqsaV/FxAAZ8baGylA8X/Z2oS4Lp+K74Jr6dTJsDKxJDeg==",
      "dev": true,
      "license": "MIT",
      "funding": {
        "url": "https://opencollective.com/vitest"
      }
    },
    "node_modules/@volar/language-core": {
      "version": "2.4.28",
      "resolved": "https://packagefeedproxy.microsoft.io/npm/@volar/language-core/-/language-core-2.4.28.tgz",
      "integrity": "sha1-wh82WpHB3/6L1yZP1JF3DI10/vM=",
      "dev": true,
      "license": "MIT",
      "dependencies": {
        "@volar/source-map": "2.4.28"
      }
    },
    "node_modules/@volar/source-map": {
      "version": "2.4.28",
      "resolved": "https://packagefeedproxy.microsoft.io/npm/@volar/source-map/-/source-map-2.4.28.tgz",
      "integrity": "sha1-tAJU6MlhmeXx4Hlnd8WTxhetJw4=",
      "dev": true,
      "license": "MIT"
    },
    "node_modules/@volar/typescript": {
      "version": "2.4.28",
      "resolved": "https://packagefeedproxy.microsoft.io/npm/@volar/typescript/-/typescript-2.4.28.tgz",
      "integrity": "sha1-g/hjVuhOsQG4CBpEwQTy8s7YQR8=",
      "dev": true,
      "license": "MIT",
      "dependencies": {
        "@volar/language-core": "2.4.28",
        "path-browserify": "^1.0.1",
        "vscode-uri": "^3.0.8"
      }
    },
    "node_modules/@vue/compiler-core": {
      "version": "3.5.43",
      "resolved": "https://packagefeedproxy.microsoft.io/npm/@vue/compiler-core/-/compiler-core-3.5.43.tgz",
      "integrity": "sha512-zdiLhnbe1QQqgDT8xZMpNmyqZ3qlI+/Q/FHQco57Kwl/b05HhCzN6eVGN9QU9rbga4CrS0H5SYY8VGHZCt/1Hg==",
      "license": "MIT",
      "dependencies": {
        "@babel/parser": "^7.29.8",
        "@vue/shared": "3.5.43",
        "entities": "^7.0.1",
        "estree-walker": "^2.0.2",
        "source-map-js": "^1.2.1"
      }
    },
    "node_modules/@vue/compiler-core/node_modules/estree-walker": {
      "version": "2.0.2",
      "resolved": "https://packagefeedproxy.microsoft.io/npm/estree-walker/-/estree-walker-2.0.2.tgz",
      "integrity": "sha1-UvAQF4wqTBF6d1fP6UKtt9LaTKw=",
      "license": "MIT"
    },
    "node_modules/@vue/compiler-dom": {
      "version": "3.5.43",
      "resolved": "https://packagefeedproxy.microsoft.io/npm/@vue/compiler-dom/-/compiler-dom-3.5.43.tgz",
      "integrity": "sha512-PEZoAk3NQmsn/ejMzSOCyTYqwGqczrWm70PuhBKjjv1+TCoQAaO/zOqNwjV+honlNstT5ILxtc+8r8UUfj+iEQ==",
      "license": "MIT",
      "dependencies": {
        "@vue/compiler-core": "3.5.43",
        "@vue/shared": "3.5.43"
      }
    },
    "node_modules/@vue/compiler-sfc": {
      "version": "3.5.43",
      "resolved": "https://packagefeedproxy.microsoft.io/npm/@vue/compiler-sfc/-/compiler-sfc-3.5.43.tgz",
      "integrity": "sha512-FCbrG3XNCRl+js3huuKx4IVHBLTvMkJhVepjbxSPu1gn4yWLaYtGNQdjJGZaMytXB6qb76qQDDmDSLy/vkmleQ==",
      "license": "MIT",
      "dependencies": {
        "@babel/parser": "^7.29.8",
        "@vue/compiler-core": "3.5.43",
        "@vue/compiler-dom": "3.5.43",
        "@vue/compiler-ssr": "3.5.43",
        "@vue/shared": "3.5.43",
        "estree-walker": "^2.0.2",
        "magic-string": "^0.30.21",
        "postcss": "^8.5.28",
        "source-map-js": "^1.2.1"
      }
    },
    "node_modules/@vue/compiler-sfc/node_modules/estree-walker": {
      "version": "2.0.2",
      "resolved": "https://packagefeedproxy.microsoft.io/npm/estree-walker/-/estree-walker-2.0.2.tgz",
      "integrity": "sha1-UvAQF4wqTBF6d1fP6UKtt9LaTKw=",
      "license": "MIT"
    },
    "node_modules/@vue/compiler-sfc/node_modules/magic-string": {
      "version": "0.30.21",
      "resolved": "https://packagefeedproxy.microsoft.io/npm/magic-string/-/magic-string-0.30.21.tgz",
      "integrity": "sha1-VnY+wJoPqAkd8nh5/ZTRkHjADZE=",
      "license": "MIT",
      "dependencies": {
        "@jridgewell/sourcemap-codec": "^1.5.5"
      }
    },
    "node_modules/@vue/compiler-ssr": {
      "version": "3.5.43",
      "resolved": "https://packagefeedproxy.microsoft.io/npm/@vue/compiler-ssr/-/compiler-ssr-3.5.43.tgz",
      "integrity": "sha512-GF62orf7KiJX9RqrHNGrYBudsQGD0OhJ5nDs90O8UiDuS40+YMYomiXu6w6EuvtXuRDc3MSNis3EaaSKAVSWpg==",
      "license": "MIT",
      "dependencies": {
        "@vue/compiler-dom": "3.5.43",
        "@vue/shared": "3.5.43"
      }
    },
    "node_modules/@vue/language-core": {
      "version": "3.3.11",
      "resolved": "https://packagefeedproxy.microsoft.io/npm/@vue/language-core/-/language-core-3.3.11.tgz",
      "integrity": "sha1-5ba1rR+ho34DLPdmhFjNp6VWazc=",
      "dev": true,
      "license": "MIT",
      "dependencies": {
        "@volar/language-core": "2.4.28",
        "@vue/compiler-dom": "^3.5.0",
        "@vue/shared": "^3.5.0",
        "alien-signals": "^3.2.1",
        "muggle-string": "^0.4.1",
        "path-browserify": "^1.0.1",
        "picomatch": "^4.0.4"
      }
    },
    "node_modules/@vue/reactivity": {
      "version": "3.5.43",
      "resolved": "https://packagefeedproxy.microsoft.io/npm/@vue/reactivity/-/reactivity-3.5.43.tgz",
      "integrity": "sha512-G/c9GyOZNI2jVaaS6OX1EF1SSFSv7H0ERqNTl4+DTFMlZmB5eVAB53aLQNam/7NL2NPtaDD7RdVrzf8uJzMuOA==",
      "license": "MIT",
      "dependencies": {
        "@vue/shared": "3.5.43"
      }
    },
    "node_modules/@vue/runtime-core": {
      "version": "3.5.43",
      "resolved": "https://packagefeedproxy.microsoft.io/npm/@vue/runtime-core/-/runtime-core-3.5.43.tgz",
      "integrity": "sha512-hU6U6VnVhBGQDpvlnnDlIB8ZGJBiOcgk2lh/0InltHiz3D8oSkluvuvY+do1G2H3+udeKFsmaBlgVYP7gXQzEw==",
      "license": "MIT",
      "dependencies": {
        "@vue/reactivity": "3.5.43",
        "@vue/shared": "3.5.43"
      }
    },
    "node_modules/@vue/runtime-dom": {
      "version": "3.5.43",
      "resolved": "https://packagefeedproxy.microsoft.io/npm/@vue/runtime-dom/-/runtime-dom-3.5.43.tgz",
      "integrity": "sha512-Bb2Jc0YjjJdMt1SJmb9b2L/IWd3I8lIT9x9eS/xvvP9CiVgna0ffua74xKRmt4/uSJ+0r4iN8ex1jrqkhQGWQw==",
      "license": "MIT",
      "dependencies": {
        "@vue/reactivity": "3.5.43",
        "@vue/runtime-core": "3.5.43",
        "@vue/shared": "3.5.43",
        "csstype": "^3.2.3"
      }
    },
    "node_modules/@vue/server-renderer": {
      "version": "3.5.43",
      "resolved": "https://packagefeedproxy.microsoft.io/npm/@vue/server-renderer/-/server-renderer-3.5.43.tgz",
      "integrity": "sha512-l2Ygjv9NehV94PSBxNWsAHC0j/eIIKbn92mBuWXAPGLnn6HfJ6MH5ubsd+Nk0YoZ5FRuxWI1P2VSoh+dbPQhCQ==",
      "license": "MIT",
      "dependencies": {
        "@vue/compiler-ssr": "3.5.43",
        "@vue/runtime-dom": "3.5.43",
        "@vue/shared": "3.5.43"
      }
    },
    "node_modules/@vue/shared": {
      "version": "3.5.43",
      "resolved": "https://packagefeedproxy.microsoft.io/npm/@vue/shared/-/shared-3.5.43.tgz",
      "integrity": "sha512-uksS7YGMR5NZyr4JNq0Rp+QyLns0ueaz20KwzIPW9R0LH1Vnt4E+XUM29PNseEbf1www2gOuhuDi5AKOIXag9Q==",
      "license": "MIT"
    },
    "node_modules/@vue/tsconfig": {
      "version": "0.9.1",
      "resolved": "https://packagefeedproxy.microsoft.io/npm/@vue/tsconfig/-/tsconfig-0.9.1.tgz",
      "integrity": "sha1-aqkB6fiSQrJuHlZMmHRyeN9oguU=",
      "dev": true,
      "license": "MIT",
      "peerDependencies": {
        "typescript": ">= 5.8",
        "vue": "^3.4.0"
      },
      "peerDependenciesMeta": {
        "typescript": {
          "optional": true
        },
        "vue": {
          "optional": true
        }
      }
    },
    "node_modules/alien-signals": {
      "version": "3.2.1",
      "resolved": "https://packagefeedproxy.microsoft.io/npm/alien-signals/-/alien-signals-3.2.1.tgz",
      "integrity": "sha1-62YlaUm86Qt9MNBV4nUuYtaTDHw=",
      "dev": true,
      "license": "MIT"
    },
    "node_modules/assertion-error": {
      "version": "2.0.1",
      "resolved": "https://packagefeedproxy.microsoft.io/npm/assertion-error/-/assertion-error-2.0.1.tgz",
      "integrity": "sha1-9kGhlrM1aQsQcL8AtudZP+wZC/c=",
      "dev": true,
      "license": "MIT",
      "engines": {
        "node": ">=12"
      }
    },
    "node_modules/chai": {
      "version": "6.2.2",
      "resolved": "https://packagefeedproxy.microsoft.io/npm/chai/-/chai-6.2.2.tgz",
      "integrity": "sha1-rkG1LJrKh3NFBTYnF/MlX6zaNg4=",
      "dev": true,
      "license": "MIT",
      "engines": {
        "node": ">=18"
      }
    },
    "node_modules/csstype": {
      "version": "3.2.3",
      "resolved": "https://packagefeedproxy.microsoft.io/npm/csstype/-/csstype-3.2.3.tgz",
      "integrity": "sha1-7EjA8+mT5QZIyG2lWeJhCZXPmJo=",
      "license": "MIT"
    },
    "node_modules/detect-libc": {
      "version": "2.1.2",
      "resolved": "https://packagefeedproxy.microsoft.io/npm/detect-libc/-/detect-libc-2.1.2.tgz",
      "integrity": "sha1-aJxdzcGQDvVYOky59te0c3QgdK0=",
      "dev": true,
      "license": "Apache-2.0",
      "engines": {
        "node": ">=8"
      }
    },
    "node_modules/entities": {
      "version": "7.0.1",
      "resolved": "https://packagefeedproxy.microsoft.io/npm/entities/-/entities-7.0.1.tgz",
      "integrity": "sha1-JuioiInbY0F9y5oeeaPxvJK1l2s=",
      "license": "BSD-2-Clause",
      "engines": {
        "node": ">=0.12"
      },
      "funding": {
        "url": "https://github.com/fb55/entities?sponsor=1"
      }
    },
    "node_modules/es-module-lexer": {
      "version": "2.3.2",
      "resolved": "https://packagefeedproxy.microsoft.io/npm/es-module-lexer/-/es-module-lexer-2.3.2.tgz",
      "integrity": "sha1-MR+k9AFowZdcUFR3xRsjI01BrVU=",
      "dev": true,
      "license": "MIT"
    },
    "node_modules/estree-walker": {
      "version": "3.0.3",
      "resolved": "https://packagefeedproxy.microsoft.io/npm/estree-walker/-/estree-walker-3.0.3.tgz",
      "integrity": "sha1-Z8PlSexAKkh7T8GT0ZU6UkdSNA0=",
      "dev": true,
      "license": "MIT",
      "dependencies": {
        "@types/estree": "^1.0.0"
      }
    },
    "node_modules/expect-type": {
      "version": "1.4.0",
      "resolved": "https://packagefeedproxy.microsoft.io/npm/expect-type/-/expect-type-1.4.0.tgz",
      "integrity": "sha1-JO338MxppE0AhWe6RZSrlvPDo9Y=",
      "dev": true,
      "license": "Apache-2.0",
      "engines": {
        "node": ">=12.0.0"
      }
    },
    "node_modules/fdir": {
      "version": "6.5.0",
      "resolved": "https://packagefeedproxy.microsoft.io/npm/fdir/-/fdir-6.5.0.tgz",
      "integrity": "sha1-7Sq5Z6MxreYvGNB32uGSaE1Q01A=",
      "dev": true,
      "license": "MIT",
      "engines": {
        "node": ">=12.0.0"
      },
      "peerDependencies": {
        "picomatch": "^3 || ^4"
      },
      "peerDependenciesMeta": {
        "picomatch": {
          "optional": true
        }
      }
    },
    "node_modules/fsevents": {
      "version": "2.3.3",
      "resolved": "https://packagefeedproxy.microsoft.io/npm/fsevents/-/fsevents-2.3.3.tgz",
      "integrity": "sha1-ysZAd4XQNnWipeGlMFxpezR9kNY=",
      "dev": true,
      "license": "MIT",
      "optional": true,
      "os": [
        "darwin"
      ],
      "engines": {
        "node": "^8.16.0 || ^10.6.0 || >=11.0.0"
      }
    },
    "node_modules/lightningcss": {
      "version": "1.33.0",
      "resolved": "https://packagefeedproxy.microsoft.io/npm/lightningcss/-/lightningcss-1.33.0.tgz",
      "integrity": "sha1-wIhn1xp5OFxuGQIU/XL+8+X5Xws=",
      "dev": true,
      "license": "MPL-2.0",
      "dependencies": {
        "detect-libc": "^2.0.3"
      },
      "engines": {
        "node": ">= 12.0.0"
      },
      "funding": {
        "type": "opencollective",
        "url": "https://opencollective.com/parcel"
      },
      "optionalDependencies": {
        "lightningcss-android-arm64": "1.33.0",
        "lightningcss-darwin-arm64": "1.33.0",
        "lightningcss-darwin-x64": "1.33.0",
        "lightningcss-freebsd-x64": "1.33.0",
        "lightningcss-linux-arm-gnueabihf": "1.33.0",
        "lightningcss-linux-arm64-gnu": "1.33.0",
        "lightningcss-linux-arm64-musl": "1.33.0",
        "lightningcss-linux-x64-gnu": "1.33.0",
        "lightningcss-linux-x64-musl": "1.33.0",
        "lightningcss-win32-arm64-msvc": "1.33.0",
        "lightningcss-win32-x64-msvc": "1.33.0"
      }
    },
    "node_modules/lightningcss-android-arm64": {
      "version": "1.33.0",
      "resolved": "https://packagefeedproxy.microsoft.io/npm/lightningcss-android-arm64/-/lightningcss-android-arm64-1.33.0.tgz",
      "integrity": "sha1-mmhB+IrlD8g1ApA4krQa9BvCuQc=",
      "cpu": [
        "arm64"
      ],
      "dev": true,
      "license": "MPL-2.0",
      "optional": true,
      "os": [
        "android"
      ],
      "engines": {
        "node": ">= 12.0.0"
      },
      "funding": {
        "type": "opencollective",
        "url": "https://opencollective.com/parcel"
      }
    },
    "node_modules/lightningcss-darwin-arm64": {
      "version": "1.33.0",
      "resolved": "https://packagefeedproxy.microsoft.io/npm/lightningcss-darwin-arm64/-/lightningcss-darwin-arm64-1.33.0.tgz",
      "integrity": "sha1-wPLDHAv9GfpN0/GOlXofGhUgl9Y=",
      "cpu": [
        "arm64"
      ],
      "dev": true,
      "license": "MPL-2.0",
      "optional": true,
      "os": [
        "darwin"
      ],
      "engines": {
        "node": ">= 12.0.0"
      },
      "funding": {
        "type": "opencollective",
        "url": "https://opencollective.com/parcel"
      }
    },
    "node_modules/lightningcss-darwin-x64": {
      "version": "1.33.0",
      "resolved": "https://packagefeedproxy.microsoft.io/npm/lightningcss-darwin-x64/-/lightningcss-darwin-x64-1.33.0.tgz",
      "integrity": "sha1-ywcFllrLU4xmg5Sc5pJfs833w2E=",
      "cpu": [
        "x64"
      ],
      "dev": true,
      "license": "MPL-2.0",
      "optional": true,
      "os": [
        "darwin"
      ],
      "engines": {
        "node": ">= 12.0.0"
      },
      "funding": {
        "type": "opencollective",
        "url": "https://opencollective.com/parcel"
      }
    },
    "node_modules/lightningcss-freebsd-x64": {
      "version": "1.33.0",
      "resolved": "https://packagefeedproxy.microsoft.io/npm/lightningcss-freebsd-x64/-/lightningcss-freebsd-x64-1.33.0.tgz",
      "integrity": "sha1-djU4gosmurJoDa2vzITueLDrUCs=",
      "cpu": [
        "x64"
      ],
      "dev": true,
      "license": "MPL-2.0",
      "optional": true,
      "os": [
        "freebsd"
      ],
      "engines": {
        "node": ">= 12.0.0"
      },
      "funding": {
        "type": "opencollective",
        "url": "https://opencollective.com/parcel"
      }
    },
    "node_modules/lightningcss-linux-arm-gnueabihf": {
      "version": "1.33.0",
      "resolved": "https://packagefeedproxy.microsoft.io/npm/lightningcss-linux-arm-gnueabihf/-/lightningcss-linux-arm-gnueabihf-1.33.0.tgz",
      "integrity": "sha1-aGLjF2ozGu297B7TUrTX0N0HhN4=",
      "cpu": [
        "arm"
      ],
      "dev": true,
      "license": "MPL-2.0",
      "optional": true,
      "os": [
        "linux"
      ],
      "engines": {
        "node": ">= 12.0.0"
      },
      "funding": {
        "type": "opencollective",
        "url": "https://opencollective.com/parcel"
      }
    },
    "node_modules/lightningcss-linux-arm64-gnu": {
      "version": "1.33.0",
      "resolved": "https://packagefeedproxy.microsoft.io/npm/lightningcss-linux-arm64-gnu/-/lightningcss-linux-arm64-gnu-1.33.0.tgz",
      "integrity": "sha1-xqOi7RUUHa9r3CYokw+OOb30c6o=",
      "cpu": [
        "arm64"
      ],
      "dev": true,
      "libc": [
        "glibc"
      ],
      "license": "MPL-2.0",
      "optional": true,
      "os": [
        "linux"
      ],
      "engines": {
        "node": ">= 12.0.0"
      },
      "funding": {
        "type": "opencollective",
        "url": "https://opencollective.com/parcel"
      }
    },
    "node_modules/lightningcss-linux-arm64-musl": {
      "version": "1.33.0",
      "resolved": "https://packagefeedproxy.microsoft.io/npm/lightningcss-linux-arm64-musl/-/lightningcss-linux-arm64-musl-1.33.0.tgz",
      "integrity": "sha1-f6EzSXH8goRfmCffbvigsgkUusY=",
      "cpu": [
        "arm64"
      ],
      "dev": true,
      "libc": [
        "musl"
      ],
      "license": "MPL-2.0",
      "optional": true,
      "os": [
        "linux"
      ],
      "engines": {
        "node": ">= 12.0.0"
      },
      "funding": {
        "type": "opencollective",
        "url": "https://opencollective.com/parcel"
      }
    },
    "node_modules/lightningcss-linux-x64-gnu": {
      "version": "1.33.0",
      "resolved": "https://packagefeedproxy.microsoft.io/npm/lightningcss-linux-x64-gnu/-/lightningcss-linux-x64-gnu-1.33.0.tgz",
      "integrity": "sha1-i5J4YuqMK7xoMaRlCSRLUNmTblU=",
      "cpu": [
        "x64"
      ],
      "dev": true,
      "libc": [
        "glibc"
      ],
      "license": "MPL-2.0",
      "optional": true,
      "os": [
        "linux"
      ],
      "engines": {
        "node": ">= 12.0.0"
      },
      "funding": {
        "type": "opencollective",
        "url": "https://opencollective.com/parcel"
      }
    },
    "node_modules/lightningcss-linux-x64-musl": {
      "version": "1.33.0",
      "resolved": "https://packagefeedproxy.microsoft.io/npm/lightningcss-linux-x64-musl/-/lightningcss-linux-x64-musl-1.33.0.tgz",
      "integrity": "sha1-DFJbsHff2UQEwFnP5C2teX6Wrq8=",
      "cpu": [
        "x64"
      ],
      "dev": true,
      "libc": [
        "musl"
      ],
      "license": "MPL-2.0",
      "optional": true,
      "os": [
        "linux"
      ],
      "engines": {
        "node": ">= 12.0.0"
      },
      "funding": {
        "type": "opencollective",
        "url": "https://opencollective.com/parcel"
      }
    },
    "node_modules/lightningcss-win32-arm64-msvc": {
      "version": "1.33.0",
      "resolved": "https://packagefeedproxy.microsoft.io/npm/lightningcss-win32-arm64-msvc/-/lightningcss-win32-arm64-msvc-1.33.0.tgz",
      "integrity": "sha1-hQ7hED2smJz6tQ46wi0aaeOU5j0=",
      "cpu": [
        "arm64"
      ],
      "dev": true,
      "license": "MPL-2.0",
      "optional": true,
      "os": [
        "win32"
      ],
      "engines": {
        "node": ">= 12.0.0"
      },
      "funding": {
        "type": "opencollective",
        "url": "https://opencollective.com/parcel"
      }
    },
    "node_modules/lightningcss-win32-x64-msvc": {
      "version": "1.33.0",
      "resolved": "https://packagefeedproxy.microsoft.io/npm/lightningcss-win32-x64-msvc/-/lightningcss-win32-x64-msvc-1.33.0.tgz",
      "integrity": "sha1-40OuFS7tNgncbhGUnRo785oclG8=",
      "cpu": [
        "x64"
      ],
      "dev": true,
      "license": "MPL-2.0",
      "optional": true,
      "os": [
        "win32"
      ],
      "engines": {
        "node": ">= 12.0.0"
      },
      "funding": {
        "type": "opencollective",
        "url": "https://opencollective.com/parcel"
      }
    },
    "node_modules/magic-string": {
      "version": "1.4.2",
      "resolved": "https://packagefeedproxy.microsoft.io/npm/magic-string/-/magic-string-1.4.2.tgz",
      "integrity": "sha512-vG+rjFRj1PqdIBozIxAGMjPlOhaVe+GXpbttY/iSK7rGcJRMlwNJO7dcUwmUqkymsFLJiNGI06t4D7Fr7yRC9g==",
      "dev": true,
      "license": "MIT",
      "dependencies": {
        "@jridgewell/sourcemap-codec": "^1.6.0"
      }
    },
    "node_modules/muggle-string": {
      "version": "0.4.1",
      "resolved": "https://packagefeedproxy.microsoft.io/npm/muggle-string/-/muggle-string-0.4.1.tgz",
      "integrity": "sha1-OzZr1Dsy+AncIGWVNN0w58ig0yg=",
      "dev": true,
      "license": "MIT"
    },
    "node_modules/nanoid": {
      "version": "3.3.19",
      "resolved": "https://packagefeedproxy.microsoft.io/npm/nanoid/-/nanoid-3.3.19.tgz",
      "integrity": "sha512-Y2tUNy4ouw6tq5oDSKeQYGOyhkUBhNOcGV/02KC+6kd9eDGqdZd++mjMiIDilrBYvjEnCYvVtsuHCuP+okSfug==",
      "funding": [
        {
          "type": "github",
          "url": "https://github.com/sponsors/ai"
        }
      ],
      "license": "MIT",
      "bin": {
        "nanoid": "bin/nanoid.cjs"
      },
      "engines": {
        "node": "^10 || ^12 || ^13.7 || ^14 || >=15.0.1"
      }
    },
    "node_modules/obug": {
      "version": "2.2.1",
      "resolved": "https://packagefeedproxy.microsoft.io/npm/obug/-/obug-2.2.1.tgz",
      "integrity": "sha1-nEU+/u2oIgUOuXdCQulpx4TWTXg=",
      "dev": true,
      "funding": [
        "https://github.com/sponsors/sxzz",
        "https://opencollective.com/debug"
      ],
      "license": "MIT",
      "engines": {
        "node": ">=12.20.0"
      }
    },
    "node_modules/path-browserify": {
      "version": "1.0.1",
      "resolved": "https://packagefeedproxy.microsoft.io/npm/path-browserify/-/path-browserify-1.0.1.tgz",
      "integrity": "sha1-2YRUqcN1PVeQhg8W9ohnueRr4f0=",
      "dev": true,
      "license": "MIT"
    },
    "node_modules/picocolors": {
      "version": "1.1.1",
      "resolved": "https://packagefeedproxy.microsoft.io/npm/picocolors/-/picocolors-1.1.1.tgz",
      "integrity": "sha1-PTIa8+q5ObCDyPkpodEs2oHCa2s=",
      "license": "ISC"
    },
    "node_modules/picomatch": {
      "version": "4.0.7",
      "resolved": "https://packagefeedproxy.microsoft.io/npm/picomatch/-/picomatch-4.0.7.tgz",
      "integrity": "sha1-YxM2ADTMs2s9xh7L3/eBIfkP4h8=",
      "dev": true,
      "license": "MIT",
      "engines": {
        "node": ">=12"
      },
      "funding": {
        "url": "https://github.com/sponsors/jonschlinkert"
      }
    },
    "node_modules/postcss": {
      "version": "8.5.28",
      "resolved": "https://packagefeedproxy.microsoft.io/npm/postcss/-/postcss-8.5.28.tgz",
      "integrity": "sha1-2kVjqZoG5i1sHNGsrjYyJLyu1uk=",
      "funding": [
        {
          "type": "opencollective",
          "url": "https://opencollective.com/postcss/"
        },
        {
          "type": "tidelift",
          "url": "https://tidelift.com/funding/github/npm/postcss"
        },
        {
          "type": "github",
          "url": "https://github.com/sponsors/ai"
        }
      ],
      "license": "MIT",
      "dependencies": {
        "nanoid": "^3.3.18",
        "picocolors": "^1.1.1",
        "source-map-js": "^1.2.1"
      },
      "engines": {
        "node": "^10 || ^12 || >=14"
      }
    },
    "node_modules/rolldown": {
      "version": "1.2.11",
      "resolved": "https://packagefeedproxy.microsoft.io/npm/rolldown/-/rolldown-1.2.11.tgz",
      "integrity": "sha512-qpSwIyz0jHQq5qXBTNxFmE6664rJ7O+4TvPFOiOaBSrz8IOHc1koKKSqTM2H6u1UG1+TveuC6vaDHKXFOvb1Kw==",
      "dev": true,
      "license": "MIT",
      "dependencies": {
        "@oxc-project/types": "=0.151.0",
        "@rolldown/pluginutils": "^1.0.0"
      },
      "bin": {
        "rolldown": "bin/cli.mjs"
      },
      "engines": {
        "node": "^20.19.0 || >=22.12.0"
      },
      "optionalDependencies": {
        "@rolldown/binding-android-arm-eabi": "1.2.11",
        "@rolldown/binding-android-arm64": "1.2.11",
        "@rolldown/binding-darwin-arm64": "1.2.11",
        "@rolldown/binding-darwin-x64": "1.2.11",
        "@rolldown/binding-freebsd-x64": "1.2.11",
        "@rolldown/binding-linux-arm-gnueabihf": "1.2.11",
        "@rolldown/binding-linux-arm64-gnu": "1.2.11",
        "@rolldown/binding-linux-arm64-musl": "1.2.11",
        "@rolldown/binding-linux-ppc64-gnu": "1.2.11",
        "@rolldown/binding-linux-s390x-gnu": "1.2.11",
        "@rolldown/binding-linux-x64-gnu": "1.2.11",
        "@rolldown/binding-linux-x64-musl": "1.2.11",
        "@rolldown/binding-openharmony-arm64": "1.2.11",
        "@rolldown/binding-win32-arm64-msvc": "1.2.11",
        "@rolldown/binding-win32-x64-msvc": "1.2.11"
      }
    },
    "node_modules/source-map-js": {
      "version": "1.2.1",
      "resolved": "https://packagefeedproxy.microsoft.io/npm/source-map-js/-/source-map-js-1.2.1.tgz",
      "integrity": "sha1-HOVlD93YerwJnto33P8CTCZnrkY=",
      "license": "BSD-3-Clause",
      "engines": {
        "node": ">=0.10.0"
      }
    },
    "node_modules/std-env": {
      "version": "4.2.0",
      "resolved": "https://packagefeedproxy.microsoft.io/npm/std-env/-/std-env-4.2.0.tgz",
      "integrity": "sha1-jr4OxgSFZoq0ciezEvQlTN+AydM=",
      "dev": true,
      "license": "MIT"
    },
    "node_modules/tinybench": {
      "version": "6.2.0",
      "resolved": "https://packagefeedproxy.microsoft.io/npm/tinybench/-/tinybench-6.2.0.tgz",
      "integrity": "sha512-78U2TlB2CnVenajOFzf3BKSm0J6oz5L0NV7g32LCPccvYc0lbWvys4d3uUUCS2B1N8PAf2+aekR8i1KbC3HO7Q==",
      "dev": true,
      "license": "MIT",
      "engines": {
        "node": ">=20.0.0"
      }
    },
    "node_modules/tinyexec": {
      "version": "1.3.1",
      "resolved": "https://packagefeedproxy.microsoft.io/npm/tinyexec/-/tinyexec-1.3.1.tgz",
      "integrity": "sha1-FqLjxuI/r85yZA5njmUds2FFucY=",
      "dev": true,
      "license": "MIT",
      "engines": {
        "node": ">=18"
      }
    },
    "node_modules/tinyglobby": {
      "version": "0.2.17",
      "resolved": "https://packagefeedproxy.microsoft.io/npm/tinyglobby/-/tinyglobby-0.2.17.tgz",
      "integrity": "sha1-ViqabJ6ys7Ej05cZ+a9btE/NdjE=",
      "dev": true,
      "license": "MIT",
      "dependencies": {
        "fdir": "^6.5.0",
        "picomatch": "^4.0.4"
      },
      "engines": {
        "node": ">=12.0.0"
      },
      "funding": {
        "url": "https://github.com/sponsors/SuperchupuDev"
      }
    },
    "node_modules/typescript": {
      "version": "5.9.3",
      "resolved": "https://packagefeedproxy.microsoft.io/npm/typescript/-/typescript-5.9.3.tgz",
      "integrity": "sha1-W09Z4VMQqxeiFvXWz1PuR27eZw8=",
      "devOptional": true,
      "license": "Apache-2.0",
      "bin": {
        "tsc": "bin/tsc",
        "tsserver": "bin/tsserver"
      },
      "engines": {
        "node": ">=14.17"
      }
    },
    "node_modules/undici-types": {
      "version": "8.9.0",
      "resolved": "https://packagefeedproxy.microsoft.io/npm/undici-types/-/undici-types-8.9.0.tgz",
      "integrity": "sha1-4kDZfItdheU0fOc9JYZceQbB7J8=",
      "dev": true,
      "license": "MIT"
    },
    "node_modules/vite": {
      "version": "8.3.1",
      "resolved": "https://packagefeedproxy.microsoft.io/npm/vite/-/vite-8.3.1.tgz",
      "integrity": "sha512-/bvH9E9tmCXRGp2uXY3WbOldqpTwFkbha/8ANaEQ6VkxhH60KyqLwgZq6lG2y+4uT55x9+9eUHMpQ7uGnOCKjA==",
      "dev": true,
      "license": "MIT",
      "dependencies": {
        "lightningcss": "^1.33.0",
        "picomatch": "^4.0.7",
        "postcss": "^8.5.28",
        "rolldown": "~1.2.9",
        "tinyglobby": "^0.2.17"
      },
      "bin": {
        "vite": "bin/vite.js"
      },
      "engines": {
        "node": "^20.19.0 || >=22.12.0"
      },
      "funding": {
        "url": "https://github.com/vitejs/vite?sponsor=1"
      },
      "optionalDependencies": {
        "fsevents": "~2.3.3"
      },
      "peerDependencies": {
        "@types/node": "^20.19.0 || >=22.12.0",
        "@vitejs/devtools": "^0.7.1",
        "esbuild": "^0.27.0 || ^0.28.0",
        "jiti": ">=1.21.0",
        "less": "^4.0.0",
        "sass": "^1.70.0",
        "sass-embedded": "^1.70.0",
        "stylus": ">=0.54.8",
        "sugarss": "^5.0.0",
        "terser": "^5.16.0",
        "tsx": "^4.8.1",
        "yaml": "^2.4.2"
      },
      "peerDependenciesMeta": {
        "@types/node": {
          "optional": true
        },
        "@vitejs/devtools": {
          "optional": true
        },
        "esbuild": {
          "optional": true
        },
        "jiti": {
          "optional": true
        },
        "less": {
          "optional": true
        },
        "sass": {
          "optional": true
        },
        "sass-embedded": {
          "optional": true
        },
        "stylus": {
          "optional": true
        },
        "sugarss": {
          "optional": true
        },
        "terser": {
          "optional": true
        },
        "tsx": {
          "optional": true
        },
        "yaml": {
          "optional": true
        }
      }
    },
    "node_modules/vitest": {
      "version": "5.0.2",
      "resolved": "https://packagefeedproxy.microsoft.io/npm/vitest/-/vitest-5.0.2.tgz",
      "integrity": "sha512-7MQrx9pDv5aHiUcovIb/70Ys3tgtkUVgCtledvKdCmEO+/1Dicq5ZqoSxOW034m03oqC+oHOKui2dM6qtMLoJg==",
      "dev": true,
      "license": "MIT",
      "dependencies": {
        "@types/chai": "^5.2.2",
        "@vitest/mocker": "5.0.2",
        "chai": "^6.2.2",
        "es-module-lexer": "^2.3.2",
        "expect-type": "^1.4.0",
        "magic-string": "^1.2.3",
        "obug": "^2.1.4",
        "picomatch": "^4.0.7",
        "std-env": "^4.2.0",
        "tinybench": "^6.1.4",
        "tinyexec": "^1.3.0",
        "tinyglobby": "^0.2.17",
        "why-is-node-running": "^3.2.1"
      },
      "bin": {
        "vitest": "vitest.mjs"
      },
      "engines": {
        "node": "^22.12.0 || ^24.0.0 || >=26.0.0"
      },
      "funding": {
        "url": "https://opencollective.com/vitest"
      },
      "peerDependencies": {
        "@edge-runtime/vm": "*",
        "@opentelemetry/api": "^1.9.0",
        "@types/node": "^22.0.0 || >=24.0.0",
        "@vitest/browser-playwright": "5.0.2",
        "@vitest/browser-preview": "5.0.2",
        "@vitest/browser-webdriverio": "^5.0.0-beta.5 || >=5.0.0",
        "@vitest/coverage-istanbul": "5.0.2",
        "@vitest/coverage-v8": "5.0.2",
        "@vitest/ui": "5.0.2",
        "happy-dom": "*",
        "jsdom": "*",
        "vite": "^6.4.0 || ^7.0.0 || ^8.0.0"
      },
      "peerDependenciesMeta": {
        "@edge-runtime/vm": {
          "optional": true
        },
        "@opentelemetry/api": {
          "optional": true
        },
        "@types/node": {
          "optional": true
        },
        "@vitest/browser-playwright": {
          "optional": true
        },
        "@vitest/browser-preview": {
          "optional": true
        },
        "@vitest/browser-webdriverio": {
          "optional": true
        },
        "@vitest/coverage-istanbul": {
          "optional": true
        },
        "@vitest/coverage-v8": {
          "optional": true
        },
        "@vitest/ui": {
          "optional": true
        },
        "happy-dom": {
          "optional": true
        },
        "jsdom": {
          "optional": true
        },
        "vite": {
          "optional": false
        }
      }
    },
    "node_modules/vscode-uri": {
      "version": "3.2.0",
      "resolved": "https://packagefeedproxy.microsoft.io/npm/vscode-uri/-/vscode-uri-3.2.0.tgz",
      "integrity": "sha1-HLH9PO50JrZnMq/D+4Y0PVltX7Q=",
      "dev": true,
      "license": "MIT"
    },
    "node_modules/vue": {
      "version": "3.5.43",
      "resolved": "https://packagefeedproxy.microsoft.io/npm/vue/-/vue-3.5.43.tgz",
      "integrity": "sha512-o5qZoksdnjIKvW1srZ3ab7pcDNYAerBjRe54D0LBLfRdCYFrSgBHVXokMas35czQc0//lmx4/tuY4ZNQ+Rf2Ng==",
      "license": "MIT",
      "dependencies": {
        "@vue/compiler-dom": "3.5.43",
        "@vue/compiler-sfc": "3.5.43",
        "@vue/runtime-dom": "3.5.43",
        "@vue/server-renderer": "3.5.43",
        "@vue/shared": "3.5.43"
      },
      "peerDependencies": {
        "typescript": "*"
      },
      "peerDependenciesMeta": {
        "typescript": {
          "optional": true
        }
      }
    },
    "node_modules/vue-tsc": {
      "version": "3.3.11",
      "resolved": "https://packagefeedproxy.microsoft.io/npm/vue-tsc/-/vue-tsc-3.3.11.tgz",
      "integrity": "sha1-Juffe2wdZnk9aMqqSrlsqigALZw=",
      "dev": true,
      "license": "MIT",
      "dependencies": {
        "@volar/typescript": "2.4.28",
        "@vue/language-core": "3.3.11"
      },
      "bin": {
        "vue-tsc": "bin/vue-tsc.js"
      },
      "peerDependencies": {
        "typescript": ">=5.0.0"
      }
    },
    "node_modules/vuetify": {
      "version": "3.13.5",
      "resolved": "https://packagefeedproxy.microsoft.io/npm/vuetify/-/vuetify-3.13.5.tgz",
      "integrity": "sha512-1PKESHKgyIj6BfjVbpF1bLWvKIBOvyDqIcP6C0R173fNZDr4jyXH7ssigAZvfqV5nRmVS/N9sGtY/IekGQ9TSQ==",
      "license": "MIT",
      "funding": {
        "type": "github",
        "url": "https://github.com/sponsors/johnleider"
      },
      "peerDependencies": {
        "typescript": ">=4.7",
        "vite-plugin-vuetify": ">=2.1.0",
        "vue": "^3.5.0",
        "webpack-plugin-vuetify": ">=3.1.0"
      },
      "peerDependenciesMeta": {
        "typescript": {
          "optional": true
        },
        "vite-plugin-vuetify": {
          "optional": true
        },
        "webpack-plugin-vuetify": {
          "optional": true
        }
      }
    },
    "node_modules/why-is-node-running": {
      "version": "3.2.2",
      "resolved": "https://packagefeedproxy.microsoft.io/npm/why-is-node-running/-/why-is-node-running-3.2.2.tgz",
      "integrity": "sha1-TFY/UGjFlgFnIg8bcQKuUBzv77k=",
      "dev": true,
      "license": "MIT",
      "bin": {
        "why-is-node-running": "cli.js"
      },
      "engines": {
        "node": ">=20.11"
      }
    }
  }
}
